
Microsoft Visual Studio Solution File, Format Version 12.00
# Visual Studio Version 17
VisualStudioVersion = 17.7.33920.267
MinimumVisualStudioVersion = 10.0.40219.1
Project("{9A19103F-16F7-4668-BE54-9A1E7A4F7556}") = "System.Plugin.Core", "System.Plugin.Core\System.Plugin.Core.csproj", "{E9185B66-DE90-45A5-93C0-3EBDB5C25AF0}"
EndProject
Project("{FAE04EC0-301F-11D3-BF4B-00C04F79EFBC}") = "Example", "Example\Example.csproj", "{EF955974-E0BD-4BA0-B4D4-631F1EBDF32A}"
EndProject
Project("{9A19103F-16F7-4668-BE54-9A1E7A4F7556}") = "System.Plugin.Host", "System.Plugin.Host\System.Plugin.Host.csproj", "{A982A39C-5EF0-4BD8-BA49-AB07DAF60887}"
EndProject
Project("{FAE04EC0-301F-11D3-BF4B-00C04F79EFBC}") = "Example.Plugin", "Example.Plugin\Example.Plugin.csproj", "{13624E1B-886D-4398-AD59-B09C087D44CF}"
EndProject
Global
	GlobalSection(SolutionConfigurationPlatforms) = preSolution
		Debug|Any CPU = Debug|Any CPU
		Release|Any CPU = Release|Any CPU
	EndGlobalSection
	GlobalSection(ProjectConfigurationPlatforms) = postSolution
		{E9185B66-DE90-45A5-93C0-3EBDB5C25AF0}.Debug|Any CPU.ActiveCfg = Debug|Any CPU
		{E9185B66-DE90-45A5-93C0-3EBDB5C25AF0}.Debug|Any CPU.Build.0 = Debug|Any CPU
		{E9185B66-DE90-45A5-93C0-3EBDB5C25AF0}.Release|Any CPU.ActiveCfg = Release|Any CPU
		{E9185B66-DE90-45A5-93C0-3EBDB5C25AF0}.Release|Any CPU.Build.0 = Release|Any CPU
		{EF955974-E0BD-4BA0-B4D4-631F1EBDF32A}.Debug|Any CPU.ActiveCfg = Debug|Any CPU
		{EF955974-E0BD-4BA0-B4D4-631F1EBDF32A}.Debug|Any CPU.Build.0 = Debug|Any CPU
		{EF955974-E0BD-4BA0-B4D4-631F1EBDF32A}.Release|Any CPU.ActiveCfg = Release|Any CPU
		{EF955974-E0BD-4BA0-B4D4-631F1EBDF32A}.Release|Any CPU.Build.0 = Release|Any CPU
		{A982A39C-5EF0-4BD8-BA49-AB07DAF60887}.Debug|Any CPU.ActiveCfg = Debug|Any CPU
		{A982A39C-5EF0-4BD8-BA49-AB07DAF60887}.Debug|Any CPU.Build.0 = Debug|Any CPU
		{A982A39C-5EF0-4BD8-BA49-AB07DAF60887}.Release|Any CPU.ActiveCfg = Release|Any CPU
		{A982A39C-5EF0-4BD8-BA49-AB07DAF60887}.Release|Any CPU.Build.0 = Release|Any CPU
		{13624E1B-886D-4398-AD59-B09C087D44CF}.Debug|Any CPU.ActiveCfg = Debug|Any CPU
		{13624E1B-886D-4398-AD59-B09C087D44CF}.Debug|Any CPU.Build.0 = Debug|Any CPU
		{13624E1B-886D-4398-AD59-B09C087D44CF}.Release|Any CPU.ActiveCfg = Release|Any CPU
		{13624E1B-886D-4398-AD59-B09C087D44CF}.Release|Any CPU.Build.0 = Release|Any CPU
	EndGlobalSection
	GlobalSection(SolutionProperties) = preSolution
		HideSolutionNode = FALSE
	EndGlobalSection
	GlobalSection(ExtensibilityGlobals) = postSolution
		SolutionGuid = {3321F1D2-A010-457D-9AA6-3FC3524D7CC4}
	EndGlobalSection
EndGlobal
